
Microsoft Visual Studio Solution File, Format Version 12.00
# Visual Studio Version 16
VisualStudioVersion = 16.0.31729.503
MinimumVisualStudioVersion = 10.0.40219.1
Project("{8BC9CEB8-8B4A-11D0-8D11-00A0C91BC942}") = "Exercice 29", "Exercice 29.vcxproj", "{EE592EA2-B28F-4CEC-A703-C73A8EFFBBC3}"
EndProject
Global
	GlobalSection(SolutionConfigurationPlatforms) = preSolution
		Debug|x64 = Debug|x64
		Debug|x86 = Debug|x86
		Release|x64 = Release|x64
		Release|x86 = Release|x86
	EndGlobalSection
	GlobalSection(ProjectConfigurationPlatforms) = postSolution
		{EE592EA2-B28F-4CEC-A703-C73A8EFFBBC3}.Debug|x64.ActiveCfg = Debug|x64
		{EE592EA2-B28F-4CEC-A703-C73A8EFFBBC3}.Debug|x64.Build.0 = Debug|x64
		{EE592EA2-B28F-4CEC-A703-C73A8EFFBBC3}.Debug|x86.ActiveCfg = Debug|Win32
		{EE592EA2-B28F-4CEC-A703-C73A8EFFBBC3}.Debug|x86.Build.0 = Debug|Win32
		{EE592EA2-B28F-4CEC-A703-C73A8EFFBBC3}.Release|x64.ActiveCfg = Release|x64
		{EE592EA2-B28F-4CEC-A703-C73A8EFFBBC3}.Release|x64.Build.0 = Release|x64
		{EE592EA2-B28F-4CEC-A703-C73A8EFFBBC3}.Release|x86.ActiveCfg = Release|Win32
		{EE592EA2-B28F-4CEC-A703-C73A8EFFBBC3}.Release|x86.Build.0 = Release|Win32
	EndGlobalSection
	GlobalSection(SolutionProperties) = preSolution
		HideSolutionNode = FALSE
	EndGlobalSection
	GlobalSection(ExtensibilityGlobals) = postSolution
		SolutionGuid = {5C772B1E-1776-4662-A9B6-6B4C488A74F3}
	EndGlobalSection
EndGlobal
